
Microsoft Visual Studio Solution File, Format Version 12.00
# Visual Studio Version 16
VisualStudioVersion = 16.0.31624.102
MinimumVisualStudioVersion = 10.0.40219.1
Project("{FAE04EC0-301F-11D3-BF4B-00C04F79EFBC}") = "OpeningWeekend", "OpeningWeekend\OpeningWeekend.csproj", "{DFE921E8-9235-43F4-98E5-E08DF4B31699}"
EndProject
Global
	GlobalSection(SolutionConfigurationPlatforms) = preSolution
		Debug|Any CPU = Debug|Any CPU
		Release|Any CPU = Release|Any CPU
	EndGlobalSection
	GlobalSection(ProjectConfigurationPlatforms) = postSolution
		{DFE921E8-9235-43F4-98E5-E08DF4B31699}.Debug|Any CPU.ActiveCfg = Debug|Any CPU
		{DFE921E8-9235-43F4-98E5-E08DF4B31699}.Debug|Any CPU.Build.0 = Debug|Any CPU
		{DFE921E8-9235-43F4-98E5-E08DF4B31699}.Release|Any CPU.ActiveCfg = Release|Any CPU
		{DFE921E8-9235-43F4-98E5-E08DF4B31699}.Release|Any CPU.Build.0 = Release|Any CPU
	EndGlobalSection
	GlobalSection(SolutionProperties) = preSolution
		HideSolutionNode = FALSE
	EndGlobalSection
	GlobalSection(ExtensibilityGlobals) = postSolution
		SolutionGuid = {95FDA2A5-55CD-44BC-98DA-7B6219CE1DD7}
	EndGlobalSection
EndGlobal
